
Microsoft Visual Studio Solution File, Format Version 12.00
# Visual Studio Version 16
VisualStudioVersion = 16.0.31624.102
MinimumVisualStudioVersion = 10.0.40219.1
Project("{FAE04EC0-301F-11D3-BF4B-00C04F79EFBC}") = "ApiSW", "ApiSW.csproj", "{4D3FD436-8852-4301-AC64-A1C350937B97}"
EndProject
Global
	GlobalSection(SolutionConfigurationPlatforms) = preSolution
		Debug|Any CPU = Debug|Any CPU
		Release|Any CPU = Release|Any CPU
	EndGlobalSection
	GlobalSection(ProjectConfigurationPlatforms) = postSolution
		{4D3FD436-8852-4301-AC64-A1C350937B97}.Debug|Any CPU.ActiveCfg = Debug|Any CPU
		{4D3FD436-8852-4301-AC64-A1C350937B97}.Debug|Any CPU.Build.0 = Debug|Any CPU
		{4D3FD436-8852-4301-AC64-A1C350937B97}.Release|Any CPU.ActiveCfg = Release|Any CPU
		{4D3FD436-8852-4301-AC64-A1C350937B97}.Release|Any CPU.Build.0 = Release|Any CPU
	EndGlobalSection
	GlobalSection(SolutionProperties) = preSolution
		HideSolutionNode = FALSE
	EndGlobalSection
	GlobalSection(ExtensibilityGlobals) = postSolution
		SolutionGuid = {CC9B8B3B-FA91-40BC-B0B1-7487DE302D9E}
	EndGlobalSection
EndGlobal
